
Microsoft Visual Studio Solution File, Format Version 12.00
# Visual Studio 2013
VisualStudioVersion = 12.0.21005.1
MinimumVisualStudioVersion = 10.0.40219.1
Project("{FAE04EC0-301F-11D3-BF4B-00C04F79EFBC}") = "t1", "t1\t1.csproj", "{951F161B-8C57-47DA-893D-8C2B29604D3D}"
EndProject
Project("{FAE04EC0-301F-11D3-BF4B-00C04F79EFBC}") = "t2", "t2\t2.csproj", "{0667B2EF-1DCC-49C0-B9B5-A734856C9CC0}"
EndProject
Project("{FAE04EC0-301F-11D3-BF4B-00C04F79EFBC}") = "t3", "t3\t3.csproj", "{D718FA14-84F2-49A3-AEB9-96B5849B8229}"
EndProject
Project("{2150E333-8FDC-42A3-9474-1A3956D46DE8}") = ".nuget", ".nuget", "{215B492D-FAFD-4BF3-B281-F9CF3463F268}"
	ProjectSection(SolutionItems) = preProject
		.nuget\NuGet.Config = .nuget\NuGet.Config
		.nuget\NuGet.exe = .nuget\NuGet.exe
		.nuget\NuGet.targets = .nuget\NuGet.targets
	EndProjectSection
EndProject
Global
	GlobalSection(SolutionConfigurationPlatforms) = preSolution
		Debug|Any CPU = Debug|Any CPU
		Release|Any CPU = Release|Any CPU
	EndGlobalSection
	GlobalSection(ProjectConfigurationPlatforms) = postSolution
		{951F161B-8C57-47DA-893D-8C2B29604D3D}.Debug|Any CPU.ActiveCfg = Debug|Any CPU
		{951F161B-8C57-47DA-893D-8C2B29604D3D}.Debug|Any CPU.Build.0 = Debug|Any CPU
		{951F161B-8C57-47DA-893D-8C2B29604D3D}.Release|Any CPU.ActiveCfg = Release|Any CPU
		{951F161B-8C57-47DA-893D-8C2B29604D3D}.Release|Any CPU.Build.0 = Release|Any CPU
		{0667B2EF-1DCC-49C0-B9B5-A734856C9CC0}.Debug|Any CPU.ActiveCfg = Debug|Any CPU
		{0667B2EF-1DCC-49C0-B9B5-A734856C9CC0}.Debug|Any CPU.Build.0 = Debug|Any CPU
		{0667B2EF-1DCC-49C0-B9B5-A734856C9CC0}.Release|Any CPU.ActiveCfg = Release|Any CPU
		{0667B2EF-1DCC-49C0-B9B5-A734856C9CC0}.Release|Any CPU.Build.0 = Release|Any CPU
		{D718FA14-84F2-49A3-AEB9-96B5849B8229}.Debug|Any CPU.ActiveCfg = Debug|Any CPU
		{D718FA14-84F2-49A3-AEB9-96B5849B8229}.Debug|Any CPU.Build.0 = Debug|Any CPU
		{D718FA14-84F2-49A3-AEB9-96B5849B8229}.Release|Any CPU.ActiveCfg = Release|Any CPU
		{D718FA14-84F2-49A3-AEB9-96B5849B8229}.Release|Any CPU.Build.0 = Release|Any CPU
	EndGlobalSection
	GlobalSection(SolutionProperties) = preSolution
		HideSolutionNode = FALSE
	EndGlobalSection
EndGlobal
